
Microsoft Visual Studio Solution File, Format Version 12.00
Project("{FAE04EC0-301F-11D3-BF4B-00C04F79EFBC}") = "WebApplication5", "WebApplication5\WebApplication5.csproj", "{FD5D1FAB-F669-43A1-A470-A51391D3E566}"
EndProject
Global
	GlobalSection(SolutionConfigurationPlatforms) = preSolution
		Debug|Any CPU = Debug|Any CPU
		Release|Any CPU = Release|Any CPU
	EndGlobalSection
	GlobalSection(ProjectConfigurationPlatforms) = postSolution
		{FD5D1FAB-F669-43A1-A470-A51391D3E566}.Debug|Any CPU.ActiveCfg = Debug|Any CPU
		{FD5D1FAB-F669-43A1-A470-A51391D3E566}.Debug|Any CPU.Build.0 = Debug|Any CPU
		{FD5D1FAB-F669-43A1-A470-A51391D3E566}.Release|Any CPU.ActiveCfg = Release|Any CPU
		{FD5D1FAB-F669-43A1-A470-A51391D3E566}.Release|Any CPU.Build.0 = Release|Any CPU
	EndGlobalSection
EndGlobal
